
Microsoft Visual Studio Solution File, Format Version 12.00
# Visual Studio Version 16
VisualStudioVersion = 16.0.30804.86
MinimumVisualStudioVersion = 10.0.40219.1
Project("{9A19103F-16F7-4668-BE54-9A1E7A4F7556}") = "MushroomProject", "MushroomProject\MushroomProject.csproj", "{F8C9317C-C72F-4030-86FE-257659757B20}"
EndProject
Project("{9A19103F-16F7-4668-BE54-9A1E7A4F7556}") = "Domain", "Domain\Domain.csproj", "{FEF910E3-4727-47C1-B608-0186B46BF351}"
EndProject
Project("{FAE04EC0-301F-11D3-BF4B-00C04F79EFBC}") = "Services", "Services\Services.csproj", "{958F7FD1-A080-4CBF-9E44-F56EB8666931}"
EndProject
Global
	GlobalSection(SolutionConfigurationPlatforms) = preSolution
		Debug|Any CPU = Debug|Any CPU
		Release|Any CPU = Release|Any CPU
	EndGlobalSection
	GlobalSection(ProjectConfigurationPlatforms) = postSolution
		{F8C9317C-C72F-4030-86FE-257659757B20}.Debug|Any CPU.ActiveCfg = Debug|Any CPU
		{F8C9317C-C72F-4030-86FE-257659757B20}.Debug|Any CPU.Build.0 = Debug|Any CPU
		{F8C9317C-C72F-4030-86FE-257659757B20}.Release|Any CPU.ActiveCfg = Release|Any CPU
		{F8C9317C-C72F-4030-86FE-257659757B20}.Release|Any CPU.Build.0 = Release|Any CPU
		{FEF910E3-4727-47C1-B608-0186B46BF351}.Debug|Any CPU.ActiveCfg = Debug|Any CPU
		{FEF910E3-4727-47C1-B608-0186B46BF351}.Debug|Any CPU.Build.0 = Debug|Any CPU
		{FEF910E3-4727-47C1-B608-0186B46BF351}.Release|Any CPU.ActiveCfg = Release|Any CPU
		{FEF910E3-4727-47C1-B608-0186B46BF351}.Release|Any CPU.Build.0 = Release|Any CPU
		{958F7FD1-A080-4CBF-9E44-F56EB8666931}.Debug|Any CPU.ActiveCfg = Debug|Any CPU
		{958F7FD1-A080-4CBF-9E44-F56EB8666931}.Debug|Any CPU.Build.0 = Debug|Any CPU
		{958F7FD1-A080-4CBF-9E44-F56EB8666931}.Release|Any CPU.ActiveCfg = Release|Any CPU
		{958F7FD1-A080-4CBF-9E44-F56EB8666931}.Release|Any CPU.Build.0 = Release|Any CPU
	EndGlobalSection
	GlobalSection(SolutionProperties) = preSolution
		HideSolutionNode = FALSE
	EndGlobalSection
	GlobalSection(ExtensibilityGlobals) = postSolution
		SolutionGuid = {C4F353F8-FCFC-458F-8C10-221F6A9766E5}
	EndGlobalSection
EndGlobal
